
Microsoft Visual Studio Solution File, Format Version 12.00
# Visual Studio Version 17
VisualStudioVersion = 17.1.32421.90
MinimumVisualStudioVersion = 10.0.40219.1
Project("{FAE04EC0-301F-11D3-BF4B-00C04F79EFBC}") = "TekstitiedostonPilkkoja", "TekstitiedostonPilkkoja\TekstitiedostonPilkkoja.csproj", "{CAA2E725-47F8-481C-AFCC-17CD1240AD0D}"
EndProject
Project("{FAE04EC0-301F-11D3-BF4B-00C04F79EFBC}") = "FileSplicerLib", "FileSplicerLib\FileSplicerLib.csproj", "{AEE8846A-F7F9-4F9E-BAB5-022E01E2E4FC}"
EndProject
Project("{FAE04EC0-301F-11D3-BF4B-00C04F79EFBC}") = "FileSplicerLib.Tests", "FileSplicerLib.Tests\FileSplicerLib.Tests.csproj", "{59BA045D-924D-45A5-9255-957EBC909394}"
EndProject
Global
	GlobalSection(SolutionConfigurationPlatforms) = preSolution
		Debug|Any CPU = Debug|Any CPU
		Release|Any CPU = Release|Any CPU
	EndGlobalSection
	GlobalSection(ProjectConfigurationPlatforms) = postSolution
		{CAA2E725-47F8-481C-AFCC-17CD1240AD0D}.Debug|Any CPU.ActiveCfg = Debug|Any CPU
		{CAA2E725-47F8-481C-AFCC-17CD1240AD0D}.Debug|Any CPU.Build.0 = Debug|Any CPU
		{CAA2E725-47F8-481C-AFCC-17CD1240AD0D}.Release|Any CPU.ActiveCfg = Release|Any CPU
		{CAA2E725-47F8-481C-AFCC-17CD1240AD0D}.Release|Any CPU.Build.0 = Release|Any CPU
		{AEE8846A-F7F9-4F9E-BAB5-022E01E2E4FC}.Debug|Any CPU.ActiveCfg = Debug|Any CPU
		{AEE8846A-F7F9-4F9E-BAB5-022E01E2E4FC}.Debug|Any CPU.Build.0 = Debug|Any CPU
		{AEE8846A-F7F9-4F9E-BAB5-022E01E2E4FC}.Release|Any CPU.ActiveCfg = Release|Any CPU
		{AEE8846A-F7F9-4F9E-BAB5-022E01E2E4FC}.Release|Any CPU.Build.0 = Release|Any CPU
		{59BA045D-924D-45A5-9255-957EBC909394}.Debug|Any CPU.ActiveCfg = Debug|Any CPU
		{59BA045D-924D-45A5-9255-957EBC909394}.Debug|Any CPU.Build.0 = Debug|Any CPU
		{59BA045D-924D-45A5-9255-957EBC909394}.Release|Any CPU.ActiveCfg = Release|Any CPU
		{59BA045D-924D-45A5-9255-957EBC909394}.Release|Any CPU.Build.0 = Release|Any CPU
	EndGlobalSection
	GlobalSection(SolutionProperties) = preSolution
		HideSolutionNode = FALSE
	EndGlobalSection
	GlobalSection(ExtensibilityGlobals) = postSolution
		SolutionGuid = {F999E789-D1C5-44A1-BF15-DCF450BA92D0}
	EndGlobalSection
EndGlobal
